
Microsoft Visual Studio Solution File, Format Version 12.00
# Visual Studio Version 16
VisualStudioVersion = 16.0.32802.440
MinimumVisualStudioVersion = 10.0.40219.1
Project("{FAE04EC0-301F-11D3-BF4B-00C04F79EFBC}") = "UnToolbox", "UnToolbox\UnToolbox.csproj", "{45F0A333-CBDC-438B-B408-3A48976092A9}"
EndProject
Project("{54435603-DBB4-11D2-8724-00A0C9A8B90C}") = "Untoolbox.Installer", "Untoolbox.Installer\Untoolbox.Installer.vdproj", "{9C56E6F4-C014-468F-9141-B37721A69A47}"
EndProject
Global
	GlobalSection(SolutionConfigurationPlatforms) = preSolution
		Debug|Any CPU = Debug|Any CPU
		Debug|x64 = Debug|x64
		Release|Any CPU = Release|Any CPU
		Release|x64 = Release|x64
	EndGlobalSection
	GlobalSection(ProjectConfigurationPlatforms) = postSolution
		{45F0A333-CBDC-438B-B408-3A48976092A9}.Debug|Any CPU.ActiveCfg = Debug|Any CPU
		{45F0A333-CBDC-438B-B408-3A48976092A9}.Debug|Any CPU.Build.0 = Debug|Any CPU
		{45F0A333-CBDC-438B-B408-3A48976092A9}.Debug|x64.ActiveCfg = Debug|Any CPU
		{45F0A333-CBDC-438B-B408-3A48976092A9}.Debug|x64.Build.0 = Debug|Any CPU
		{45F0A333-CBDC-438B-B408-3A48976092A9}.Release|Any CPU.ActiveCfg = Release|Any CPU
		{45F0A333-CBDC-438B-B408-3A48976092A9}.Release|Any CPU.Build.0 = Release|Any CPU
		{45F0A333-CBDC-438B-B408-3A48976092A9}.Release|x64.ActiveCfg = Release|Any CPU
		{45F0A333-CBDC-438B-B408-3A48976092A9}.Release|x64.Build.0 = Release|Any CPU
		{9C56E6F4-C014-468F-9141-B37721A69A47}.Debug|Any CPU.ActiveCfg = Debug
		{9C56E6F4-C014-468F-9141-B37721A69A47}.Debug|x64.ActiveCfg = Debug
		{9C56E6F4-C014-468F-9141-B37721A69A47}.Release|Any CPU.ActiveCfg = Release
		{9C56E6F4-C014-468F-9141-B37721A69A47}.Release|x64.ActiveCfg = Release
	EndGlobalSection
	GlobalSection(SolutionProperties) = preSolution
		HideSolutionNode = FALSE
	EndGlobalSection
	GlobalSection(ExtensibilityGlobals) = postSolution
		SolutionGuid = {BAAC28B1-39D4-47C7-852B-E80E2A47FF1D}
	EndGlobalSection
EndGlobal
